# skill.lock - GENERATED. Do not edit by hand.
# Generated at 2026-02-25T19:53:50Z

[manifest]
name = "weather-check"
version = "1.2.3"
lockfile_version = "1.0"

[author]
name = "SparkOC"
sigil = "6LEMWpt1U8npqN4mKdcoW8UUQNPbXenXEd2NZabzyGrN"

[[files]]
path = "weather.py"
hash = "209903bf4464828adcb91ba84d680dcc83e4a32e0fd355cb806d575e4535aad8"
size = 195

path = "skill.toml"
hash = "bb06adf9bc55be249acd71f30c27f17feed4d7458752919cdf18a2dfb11ef017"
size = 540

[attestation]
issuer_id = "did:isnad:7Hk2PVLYzQm8NKpLwXqZ..."
subject_id = "did:isnad:9Xp4RWLZyNk3MLqRsTvw..."
signature = "base64_ed25519_signature_here"
chain_id = "isnad-v1:mainnet:a1b2c3d4"
scope_hash = "93c6243c363c7e09c8f0ff76704ffff70b8c228fb795de53b122b33704c1546a"

[attestation.metadata]
trust_score = 0.92
attestation_type = "skill_audit"
valid_until = "2026-08-22T07:00:00Z"