# skill.lock - GENERATED. Do not edit by hand.
# Generated at 2026-02-19T12:54:40Z

[manifest]
name = "weather-check"
version = "1.2.3"
lockfile_version = "1.0"

[author]
name = "SparkOC"
sigil = "6LEMWpt1U8npqN4mKdcoW8UUQNPbXenXEd2NZabzyGrN"

[[files]]
path = "weather.py"
hash = "209903bf4464828adcb91ba84d680dcc83e4a32e0fd355cb806d575e4535aad8"
size = 195

path = "skill.toml"
hash = "1f0620409b14515a7c0207cf8824b78ca61cff7337a3e6ae2fcbce8af248234d"
size = 553

[attestation]
attestation_id = "sha256:a1b2c3d4e5f6789012345678901234567890abcdef1234567890abcdef123456"
chain_id = "isnad:example-chain-001"
attestor = "ed25519:dGhpcyBpcyBhIHRlc3QgcHVia2V5IGZvciB3ZWF0aGVyLWNoZWNr"
attested_at = "2026-02-19T08:30:00Z"
iptb_url = "https://example.com/bundles/weather-check_v1.2.3.iptb"
