# skill.lock - GENERATED. Do not edit by hand.
# Generated at 2026-02-19T11:55:17Z

[manifest]
name = "weather-check"
version = "1.2.3"
lockfile_version = "1.0"

[author]
name = "SparkOC"
sigil = "6LEMWpt1U8npqN4mKdcoW8UUQNPbXenXEd2NZabzyGrN"

[[files]]
path = "weather.py"
hash = "209903bf4464828adcb91ba84d680dcc83e4a32e0fd355cb806d575e4535aad8"
size = 195

path = "skill.toml"
hash = "f5d306980e311f6bd794ec2b69467480ab4ec5ff30982d4f018e59f11e38febd"
size = 341

[attestation]
chain_id = "isnad:example-chain-001"
signed_by = "gendolf"
timestamp = "2026-02-19T03:54:00Z"
